
Microsoft Visual Studio Solution File, Format Version 12.00
# Visual Studio Version 16
VisualStudioVersion = 16.0.30320.27
MinimumVisualStudioVersion = 10.0.40219.1
Project("{FAE04EC0-301F-11D3-BF4B-00C04F79EFBC}") = "team", "team\team.csproj", "{2F2DE008-1F23-4FB7-8502-30F39347862A}"
EndProject
Global
	GlobalSection(SolutionConfigurationPlatforms) = preSolution
		Debug|Any CPU = Debug|Any CPU
		Release|Any CPU = Release|Any CPU
	EndGlobalSection
	GlobalSection(ProjectConfigurationPlatforms) = postSolution
		{2F2DE008-1F23-4FB7-8502-30F39347862A}.Debug|Any CPU.ActiveCfg = Debug|Any CPU
		{2F2DE008-1F23-4FB7-8502-30F39347862A}.Debug|Any CPU.Build.0 = Debug|Any CPU
		{2F2DE008-1F23-4FB7-8502-30F39347862A}.Release|Any CPU.ActiveCfg = Release|Any CPU
		{2F2DE008-1F23-4FB7-8502-30F39347862A}.Release|Any CPU.Build.0 = Release|Any CPU
	EndGlobalSection
	GlobalSection(SolutionProperties) = preSolution
		HideSolutionNode = FALSE
	EndGlobalSection
	GlobalSection(ExtensibilityGlobals) = postSolution
		SolutionGuid = {CB666539-E63F-4E32-A6F2-D842222FCD1D}
	EndGlobalSection
EndGlobal
