
Microsoft Visual Studio Solution File, Format Version 12.00
# Visual Studio Version 16
VisualStudioVersion = 16.0.30320.27
MinimumVisualStudioVersion = 10.0.40219.1
Project("{FAE04EC0-301F-11D3-BF4B-00C04F79EFBC}") = "WayTooLongWords", "WayTooLongWords\WayTooLongWords.csproj", "{A9B517A4-EA0E-42E1-B713-5C0D0DD0723A}"
EndProject
Global
	GlobalSection(SolutionConfigurationPlatforms) = preSolution
		Debug|Any CPU = Debug|Any CPU
		Release|Any CPU = Release|Any CPU
	EndGlobalSection
	GlobalSection(ProjectConfigurationPlatforms) = postSolution
		{A9B517A4-EA0E-42E1-B713-5C0D0DD0723A}.Debug|Any CPU.ActiveCfg = Debug|Any CPU
		{A9B517A4-EA0E-42E1-B713-5C0D0DD0723A}.Debug|Any CPU.Build.0 = Debug|Any CPU
		{A9B517A4-EA0E-42E1-B713-5C0D0DD0723A}.Release|Any CPU.ActiveCfg = Release|Any CPU
		{A9B517A4-EA0E-42E1-B713-5C0D0DD0723A}.Release|Any CPU.Build.0 = Release|Any CPU
	EndGlobalSection
	GlobalSection(SolutionProperties) = preSolution
		HideSolutionNode = FALSE
	EndGlobalSection
	GlobalSection(ExtensibilityGlobals) = postSolution
		SolutionGuid = {55B91663-3A2A-44C5-9554-F9B3717A428A}
	EndGlobalSection
EndGlobal
